
Microsoft Visual Studio Solution File, Format Version 12.00
# Visual Studio Version 16
VisualStudioVersion = 16.0.29920.165
MinimumVisualStudioVersion = 10.0.40219.1
Project("{FAE04EC0-301F-11D3-BF4B-00C04F79EFBC}") = "Exercício 3", "Exercício 3\Exercício 3.csproj", "{47B6AFDF-2D92-430A-A17B-7FDBBDDCB097}"
EndProject
Project("{FAE04EC0-301F-11D3-BF4B-00C04F79EFBC}") = "Exercício 1", "Exercício 1\Exercício 1.csproj", "{25C9F549-A9C5-422C-A452-470F99DE4471}"
EndProject
Project("{FAE04EC0-301F-11D3-BF4B-00C04F79EFBC}") = "Exercício 2", "Exercício 2\Exercício 2.csproj", "{F691AFCC-1164-497D-9093-4DF44B2607BA}"
EndProject
Project("{FAE04EC0-301F-11D3-BF4B-00C04F79EFBC}") = "Exercício 4", "Exercício 4\Exercício 4.csproj", "{F1A80867-8DFA-4D25-A8D0-787EF7888AB9}"
EndProject
Project("{FAE04EC0-301F-11D3-BF4B-00C04F79EFBC}") = "Exercício 5", "Exercício 5\Exercício 5.csproj", "{2373CE9C-D1EC-40A6-A673-9742F275246A}"
EndProject
Project("{FAE04EC0-301F-11D3-BF4B-00C04F79EFBC}") = "Exercício 6", "Exercício 6\Exercício 6.csproj", "{CA6D32E8-E7B6-429D-95EB-2F10BE451CA7}"
EndProject
Project("{FAE04EC0-301F-11D3-BF4B-00C04F79EFBC}") = "Exercício 7", "Exercício 7\Exercício 7.csproj", "{1F28DB64-451E-4DAF-949E-B60D2229D197}"
EndProject
Project("{FAE04EC0-301F-11D3-BF4B-00C04F79EFBC}") = "Exercício 8", "Exercício 8\Exercício 8.csproj", "{7F45A50F-6624-4815-8363-9D9C605DAE95}"
EndProject
Project("{FAE04EC0-301F-11D3-BF4B-00C04F79EFBC}") = "Exercício 9", "Exercício 9\Exercício 9.csproj", "{2CE4D697-EAD3-4B87-8D86-D98ABDAB2278}"
EndProject
Project("{FAE04EC0-301F-11D3-BF4B-00C04F79EFBC}") = "Exercício 10", "Exercício 10\Exercício 10.csproj", "{5F45B488-AFE7-4BC3-9A46-EC3B317E02B4}"
EndProject
Project("{FAE04EC0-301F-11D3-BF4B-00C04F79EFBC}") = "Exercício 11", "Exercício 11\Exercício 11.csproj", "{CD3CDC15-6425-45D2-B58F-D0662B870ADA}"
EndProject
Project("{FAE04EC0-301F-11D3-BF4B-00C04F79EFBC}") = "Exercício 12", "Exercício 12\Exercício 12.csproj", "{D0294CE2-076A-4E35-B9D1-A4D90E7E0319}"
EndProject
Project("{FAE04EC0-301F-11D3-BF4B-00C04F79EFBC}") = "Exercício 13", "Exercício 13\Exercício 13.csproj", "{1EDA0428-F519-473F-AE6C-F92CE5E34EF4}"
EndProject
Project("{FAE04EC0-301F-11D3-BF4B-00C04F79EFBC}") = "Exercício 14", "Exercício 14\Exercício 14.csproj", "{7AE1F62C-13E2-4BD7-99D2-D740CA5442EF}"
EndProject
Project("{FAE04EC0-301F-11D3-BF4B-00C04F79EFBC}") = "Exercício 15", "Exercício 15\Exercício 15.csproj", "{0934AC27-5F58-4945-BA75-08EF00BD2CD9}"
EndProject
Project("{FAE04EC0-301F-11D3-BF4B-00C04F79EFBC}") = "Exercício 16", "Exercício 16\Exercício 16.csproj", "{79D5C73E-CA06-4FC4-9851-A6CC0B28416F}"
EndProject
Project("{FAE04EC0-301F-11D3-BF4B-00C04F79EFBC}") = "Exercício 17", "Exercício 17\Exercício 17.csproj", "{4073D768-2CF9-4AF4-A551-F7BC4F4C4604}"
EndProject
Project("{FAE04EC0-301F-11D3-BF4B-00C04F79EFBC}") = "Exercício 18", "Exercício 18\Exercício 18.csproj", "{8F9C75E1-0D6C-447D-A408-B775A4B0F3DF}"
EndProject
Project("{FAE04EC0-301F-11D3-BF4B-00C04F79EFBC}") = "Exercício 19", "Exercício 19\Exercício 19.csproj", "{CE6FEDE6-BA9F-4082-A746-6673AB4FDB4F}"
EndProject
Project("{FAE04EC0-301F-11D3-BF4B-00C04F79EFBC}") = "Exercício 20", "Exercício 20\Exercício 20.csproj", "{27812F12-E76C-4CD9-852D-E0FC08615454}"
EndProject
Global
	GlobalSection(SolutionConfigurationPlatforms) = preSolution
		Debug|Any CPU = Debug|Any CPU
		Release|Any CPU = Release|Any CPU
	EndGlobalSection
	GlobalSection(ProjectConfigurationPlatforms) = postSolution
		{47B6AFDF-2D92-430A-A17B-7FDBBDDCB097}.Debug|Any CPU.ActiveCfg = Debug|Any CPU
		{47B6AFDF-2D92-430A-A17B-7FDBBDDCB097}.Debug|Any CPU.Build.0 = Debug|Any CPU
		{47B6AFDF-2D92-430A-A17B-7FDBBDDCB097}.Release|Any CPU.ActiveCfg = Release|Any CPU
		{47B6AFDF-2D92-430A-A17B-7FDBBDDCB097}.Release|Any CPU.Build.0 = Release|Any CPU
		{25C9F549-A9C5-422C-A452-470F99DE4471}.Debug|Any CPU.ActiveCfg = Debug|Any CPU
		{25C9F549-A9C5-422C-A452-470F99DE4471}.Debug|Any CPU.Build.0 = Debug|Any CPU
		{25C9F549-A9C5-422C-A452-470F99DE4471}.Release|Any CPU.ActiveCfg = Release|Any CPU
		{25C9F549-A9C5-422C-A452-470F99DE4471}.Release|Any CPU.Build.0 = Release|Any CPU
		{F691AFCC-1164-497D-9093-4DF44B2607BA}.Debug|Any CPU.ActiveCfg = Debug|Any CPU
		{F691AFCC-1164-497D-9093-4DF44B2607BA}.Debug|Any CPU.Build.0 = Debug|Any CPU
		{F691AFCC-1164-497D-9093-4DF44B2607BA}.Release|Any CPU.ActiveCfg = Release|Any CPU
		{F691AFCC-1164-497D-9093-4DF44B2607BA}.Release|Any CPU.Build.0 = Release|Any CPU
		{F1A80867-8DFA-4D25-A8D0-787EF7888AB9}.Debug|Any CPU.ActiveCfg = Debug|Any CPU
		{F1A80867-8DFA-4D25-A8D0-787EF7888AB9}.Debug|Any CPU.Build.0 = Debug|Any CPU
		{F1A80867-8DFA-4D25-A8D0-787EF7888AB9}.Release|Any CPU.ActiveCfg = Release|Any CPU
		{F1A80867-8DFA-4D25-A8D0-787EF7888AB9}.Release|Any CPU.Build.0 = Release|Any CPU
		{2373CE9C-D1EC-40A6-A673-9742F275246A}.Debug|Any CPU.ActiveCfg = Debug|Any CPU
		{2373CE9C-D1EC-40A6-A673-9742F275246A}.Debug|Any CPU.Build.0 = Debug|Any CPU
		{2373CE9C-D1EC-40A6-A673-9742F275246A}.Release|Any CPU.ActiveCfg = Release|Any CPU
		{2373CE9C-D1EC-40A6-A673-9742F275246A}.Release|Any CPU.Build.0 = Release|Any CPU
		{CA6D32E8-E7B6-429D-95EB-2F10BE451CA7}.Debug|Any CPU.ActiveCfg = Debug|Any CPU
		{CA6D32E8-E7B6-429D-95EB-2F10BE451CA7}.Debug|Any CPU.Build.0 = Debug|Any CPU
		{CA6D32E8-E7B6-429D-95EB-2F10BE451CA7}.Release|Any CPU.ActiveCfg = Release|Any CPU
		{CA6D32E8-E7B6-429D-95EB-2F10BE451CA7}.Release|Any CPU.Build.0 = Release|Any CPU
		{1F28DB64-451E-4DAF-949E-B60D2229D197}.Debug|Any CPU.ActiveCfg = Debug|Any CPU
		{1F28DB64-451E-4DAF-949E-B60D2229D197}.Debug|Any CPU.Build.0 = Debug|Any CPU
		{1F28DB64-451E-4DAF-949E-B60D2229D197}.Release|Any CPU.ActiveCfg = Release|Any CPU
		{1F28DB64-451E-4DAF-949E-B60D2229D197}.Release|Any CPU.Build.0 = Release|Any CPU
		{7F45A50F-6624-4815-8363-9D9C605DAE95}.Debug|Any CPU.ActiveCfg = Debug|Any CPU
		{7F45A50F-6624-4815-8363-9D9C605DAE95}.Debug|Any CPU.Build.0 = Debug|Any CPU
		{7F45A50F-6624-4815-8363-9D9C605DAE95}.Release|Any CPU.ActiveCfg = Release|Any CPU
		{7F45A50F-6624-4815-8363-9D9C605DAE95}.Release|Any CPU.Build.0 = Release|Any CPU
		{2CE4D697-EAD3-4B87-8D86-D98ABDAB2278}.Debug|Any CPU.ActiveCfg = Debug|Any CPU
		{2CE4D697-EAD3-4B87-8D86-D98ABDAB2278}.Debug|Any CPU.Build.0 = Debug|Any CPU
		{2CE4D697-EAD3-4B87-8D86-D98ABDAB2278}.Release|Any CPU.ActiveCfg = Release|Any CPU
		{2CE4D697-EAD3-4B87-8D86-D98ABDAB2278}.Release|Any CPU.Build.0 = Release|Any CPU
		{5F45B488-AFE7-4BC3-9A46-EC3B317E02B4}.Debug|Any CPU.ActiveCfg = Debug|Any CPU
		{5F45B488-AFE7-4BC3-9A46-EC3B317E02B4}.Debug|Any CPU.Build.0 = Debug|Any CPU
		{5F45B488-AFE7-4BC3-9A46-EC3B317E02B4}.Release|Any CPU.ActiveCfg = Release|Any CPU
		{5F45B488-AFE7-4BC3-9A46-EC3B317E02B4}.Release|Any CPU.Build.0 = Release|Any CPU
		{CD3CDC15-6425-45D2-B58F-D0662B870ADA}.Debug|Any CPU.ActiveCfg = Debug|Any CPU
		{CD3CDC15-6425-45D2-B58F-D0662B870ADA}.Debug|Any CPU.Build.0 = Debug|Any CPU
		{CD3CDC15-6425-45D2-B58F-D0662B870ADA}.Release|Any CPU.ActiveCfg = Release|Any CPU
		{CD3CDC15-6425-45D2-B58F-D0662B870ADA}.Release|Any CPU.Build.0 = Release|Any CPU
		{D0294CE2-076A-4E35-B9D1-A4D90E7E0319}.Debug|Any CPU.ActiveCfg = Debug|Any CPU
		{D0294CE2-076A-4E35-B9D1-A4D90E7E0319}.Debug|Any CPU.Build.0 = Debug|Any CPU
		{D0294CE2-076A-4E35-B9D1-A4D90E7E0319}.Release|Any CPU.ActiveCfg = Release|Any CPU
		{D0294CE2-076A-4E35-B9D1-A4D90E7E0319}.Release|Any CPU.Build.0 = Release|Any CPU
		{1EDA0428-F519-473F-AE6C-F92CE5E34EF4}.Debug|Any CPU.ActiveCfg = Debug|Any CPU
		{1EDA0428-F519-473F-AE6C-F92CE5E34EF4}.Debug|Any CPU.Build.0 = Debug|Any CPU
		{1EDA0428-F519-473F-AE6C-F92CE5E34EF4}.Release|Any CPU.ActiveCfg = Release|Any CPU
		{1EDA0428-F519-473F-AE6C-F92CE5E34EF4}.Release|Any CPU.Build.0 = Release|Any CPU
		{7AE1F62C-13E2-4BD7-99D2-D740CA5442EF}.Debug|Any CPU.ActiveCfg = Debug|Any CPU
		{7AE1F62C-13E2-4BD7-99D2-D740CA5442EF}.Debug|Any CPU.Build.0 = Debug|Any CPU
		{7AE1F62C-13E2-4BD7-99D2-D740CA5442EF}.Release|Any CPU.ActiveCfg = Release|Any CPU
		{7AE1F62C-13E2-4BD7-99D2-D740CA5442EF}.Release|Any CPU.Build.0 = Release|Any CPU
		{0934AC27-5F58-4945-BA75-08EF00BD2CD9}.Debug|Any CPU.ActiveCfg = Debug|Any CPU
		{0934AC27-5F58-4945-BA75-08EF00BD2CD9}.Debug|Any CPU.Build.0 = Debug|Any CPU
		{0934AC27-5F58-4945-BA75-08EF00BD2CD9}.Release|Any CPU.ActiveCfg = Release|Any CPU
		{0934AC27-5F58-4945-BA75-08EF00BD2CD9}.Release|Any CPU.Build.0 = Release|Any CPU
		{79D5C73E-CA06-4FC4-9851-A6CC0B28416F}.Debug|Any CPU.ActiveCfg = Debug|Any CPU
		{79D5C73E-CA06-4FC4-9851-A6CC0B28416F}.Debug|Any CPU.Build.0 = Debug|Any CPU
		{79D5C73E-CA06-4FC4-9851-A6CC0B28416F}.Release|Any CPU.ActiveCfg = Release|Any CPU
		{79D5C73E-CA06-4FC4-9851-A6CC0B28416F}.Release|Any CPU.Build.0 = Release|Any CPU
		{4073D768-2CF9-4AF4-A551-F7BC4F4C4604}.Debug|Any CPU.ActiveCfg = Debug|Any CPU
		{4073D768-2CF9-4AF4-A551-F7BC4F4C4604}.Debug|Any CPU.Build.0 = Debug|Any CPU
		{4073D768-2CF9-4AF4-A551-F7BC4F4C4604}.Release|Any CPU.ActiveCfg = Release|Any CPU
		{4073D768-2CF9-4AF4-A551-F7BC4F4C4604}.Release|Any CPU.Build.0 = Release|Any CPU
		{8F9C75E1-0D6C-447D-A408-B775A4B0F3DF}.Debug|Any CPU.ActiveCfg = Debug|Any CPU
		{8F9C75E1-0D6C-447D-A408-B775A4B0F3DF}.Debug|Any CPU.Build.0 = Debug|Any CPU
		{8F9C75E1-0D6C-447D-A408-B775A4B0F3DF}.Release|Any CPU.ActiveCfg = Release|Any CPU
		{8F9C75E1-0D6C-447D-A408-B775A4B0F3DF}.Release|Any CPU.Build.0 = Release|Any CPU
		{CE6FEDE6-BA9F-4082-A746-6673AB4FDB4F}.Debug|Any CPU.ActiveCfg = Debug|Any CPU
		{CE6FEDE6-BA9F-4082-A746-6673AB4FDB4F}.Debug|Any CPU.Build.0 = Debug|Any CPU
		{CE6FEDE6-BA9F-4082-A746-6673AB4FDB4F}.Release|Any CPU.ActiveCfg = Release|Any CPU
		{CE6FEDE6-BA9F-4082-A746-6673AB4FDB4F}.Release|Any CPU.Build.0 = Release|Any CPU
		{27812F12-E76C-4CD9-852D-E0FC08615454}.Debug|Any CPU.ActiveCfg = Debug|Any CPU
		{27812F12-E76C-4CD9-852D-E0FC08615454}.Debug|Any CPU.Build.0 = Debug|Any CPU
		{27812F12-E76C-4CD9-852D-E0FC08615454}.Release|Any CPU.ActiveCfg = Release|Any CPU
		{27812F12-E76C-4CD9-852D-E0FC08615454}.Release|Any CPU.Build.0 = Release|Any CPU
	EndGlobalSection
	GlobalSection(SolutionProperties) = preSolution
		HideSolutionNode = FALSE
	EndGlobalSection
	GlobalSection(ExtensibilityGlobals) = postSolution
		SolutionGuid = {A11C3F87-1CE6-4836-A10B-B692A434E08C}
	EndGlobalSection
EndGlobal
